
Microsoft Visual Studio Solution File, Format Version 12.00
# Visual Studio Version 17
VisualStudioVersion = 17.11.35312.102
MinimumVisualStudioVersion = 10.0.40219.1
Project("{FAE04EC0-301F-11D3-BF4B-00C04F79EFBC}") = "Lab_6-OOP_Inheritance", "Lab_6-OOP_Inheritance.csproj", "{BFDB4664-CDB2-4A1D-8B5B-40C69120F9A2}"
EndProject
Global
	GlobalSection(SolutionConfigurationPlatforms) = preSolution
		Debug|Any CPU = Debug|Any CPU
		Release|Any CPU = Release|Any CPU
	EndGlobalSection
	GlobalSection(ProjectConfigurationPlatforms) = postSolution
		{BFDB4664-CDB2-4A1D-8B5B-40C69120F9A2}.Debug|Any CPU.ActiveCfg = Debug|Any CPU
		{BFDB4664-CDB2-4A1D-8B5B-40C69120F9A2}.Debug|Any CPU.Build.0 = Debug|Any CPU
		{BFDB4664-CDB2-4A1D-8B5B-40C69120F9A2}.Release|Any CPU.ActiveCfg = Release|Any CPU
		{BFDB4664-CDB2-4A1D-8B5B-40C69120F9A2}.Release|Any CPU.Build.0 = Release|Any CPU
	EndGlobalSection
	GlobalSection(SolutionProperties) = preSolution
		HideSolutionNode = FALSE
	EndGlobalSection
	GlobalSection(ExtensibilityGlobals) = postSolution
		SolutionGuid = {4E983622-9083-43D1-95E5-1BA587F128F2}
	EndGlobalSection
EndGlobal
